// !$*UTF8*$!
{
	archiveVersion = 1;
	classes = {
	};
	objectVersion = 46;
	objects = {

/* Begin PBXBuildFile section */
		4631E8F7DC926663206809DF /* Pods_UniYo_App.framework in Frameworks */ = {isa = PBXBuildFile; fileRef = 293B0B194D53AED5DE689F83 /* Pods_UniYo_App.framework */; };
		AF565B121CB6B80A00677FB2 /* AppDelegate.swift in Sources */ = {isa = PBXBuildFile; fileRef = AF565B111CB6B80A00677FB2 /* AppDelegate.swift */; };
		AF565B141CB6B80A00677FB2 /* ViewController.swift in Sources */ = {isa = PBXBuildFile; fileRef = AF565B131CB6B80A00677FB2 /* ViewController.swift */; };
		AF565B171CB6B80A00677FB2 /* Main.storyboard in Resources */ = {isa = PBXBuildFile; fileRef = AF565B151CB6B80A00677FB2 /* Main.storyboard */; };
		AF565B191CB6B80A00677FB2 /* Assets.xcassets in Resources */ = {isa = PBXBuildFile; fileRef = AF565B181CB6B80A00677FB2 /* Assets.xcassets */; };
		AF565B1C1CB6B80A00677FB2 /* LaunchScreen.storyboard in Resources */ = {isa = PBXBuildFile; fileRef = AF565B1A1CB6B80A00677FB2 /* LaunchScreen.storyboard */; };
		AF565B281CB7ADC400677FB2 /* MaterialView.swift in Sources */ = {isa = PBXBuildFile; fileRef = AF565B271CB7ADC400677FB2 /* MaterialView.swift */; };
		AF565B2B1CB7B39700677FB2 /* Constants.swift in Sources */ = {isa = PBXBuildFile; fileRef = AF565B2A1CB7B39700677FB2 /* Constants.swift */; };
		AF8B4DD41CC55AEC00331F4B /* Bolts.framework in Frameworks */ = {isa = PBXBuildFile; fileRef = AF8B4DD31CC55AEC00331F4B /* Bolts.framework */; };
		AF8B4DD71CC55C1D00331F4B /* FBSDKCoreKit.framework in Frameworks */ = {isa = PBXBuildFile; fileRef = AF8B4DD51CC55C1D00331F4B /* FBSDKCoreKit.framework */; };
		AF8B4DD81CC55C1D00331F4B /* FBSDKLoginKit.framework in Frameworks */ = {isa = PBXBuildFile; fileRef = AF8B4DD61CC55C1D00331F4B /* FBSDKLoginKit.framework */; };
		AFB21B0B1CCE95CF0036BE69 /* DataService.swift in Sources */ = {isa = PBXBuildFile; fileRef = AFB21B0A1CCE95CF0036BE69 /* DataService.swift */; };
		AFB21B0D1CCEA26F0036BE69 /* EmailSignUpVC.swift in Sources */ = {isa = PBXBuildFile; fileRef = AFB21B0C1CCEA26F0036BE69 /* EmailSignUpVC.swift */; };
/* End PBXBuildFile section */

/* Begin PBXFileReference section */
		293B0B194D53AED5DE689F83 /* Pods_UniYo_App.framework */ = {isa = PBXFileReference; explicitFileType = wrapper.framework; includeInIndex = 0; path = Pods_UniYo_App.framework; sourceTree = BUILT_PRODUCTS_DIR; };
		5A394C681D4C7E0F5DC96CDB /* Pods-UniYo_App.release.xcconfig */ = {isa = PBXFileReference; includeInIndex = 1; lastKnownFileType = text.xcconfig; name = "Pods-UniYo_App.release.xcconfig"; path = "Pods/Target Support Files/Pods-UniYo_App/Pods-UniYo_App.release.xcconfig"; sourceTree = "<group>"; };
		AF565B0E1CB6B80A00677FB2 /* UniYo_App.app */ = {isa = PBXFileReference; explicitFileType = wrapper.application; includeInIndex = 0; path = UniYo_App.app; sourceTree = BUILT_PRODUCTS_DIR; };
		AF565B111CB6B80A00677FB2 /* AppDelegate.swift */ = {isa = PBXFileReference; lastKnownFileType = sourcecode.swift; path = AppDelegate.swift; sourceTree = "<group>"; };
		AF565B131CB6B80A00677FB2 /* ViewController.swift */ = {isa = PBXFileReference; lastKnownFileType = sourcecode.swift; path = ViewController.swift; sourceTree = "<group>"; };
		AF565B161CB6B80A00677FB2 /* Base */ = {isa = PBXFileReference; lastKnownFileType = file.storyboard; name = Base; path = Base.lproj/Main.storyboard; sourceTree = "<group>"; };
		AF565B181CB6B80A00677FB2 /* Assets.xcassets */ = {isa = PBXFileReference; lastKnownFileType = folder.assetcatalog; path = Assets.xcassets; sourceTree = "<group>"; };
		AF565B1B1CB6B80A00677FB2 /* Base */ = {isa = PBXFileReference; lastKnownFileType = file.storyboard; name = Base; path = Base.lproj/LaunchScreen.storyboard; sourceTree = "<group>"; };
		AF565B1D1CB6B80A00677FB2 /* Info.plist */ = {isa = PBXFileReference; lastKnownFileType = text.plist.xml; path = Info.plist; sourceTree = "<group>"; };
		AF565B271CB7ADC400677FB2 /* MaterialView.swift */ = {isa = PBXFileReference; fileEncoding = 4; lastKnownFileType = sourcecode.swift; path = MaterialView.swift; sourceTree = "<group>"; };
		AF565B2A1CB7B39700677FB2 /* Constants.swift */ = {isa = PBXFileReference; fileEncoding = 4; lastKnownFileType = sourcecode.swift; path = Constants.swift; sourceTree = "<group>"; };
		AF8B4DD31CC55AEC00331F4B /* Bolts.framework */ = {isa = PBXFileReference; lastKnownFileType = wrapper.framework; path = Bolts.framework; sourceTree = "<group>"; };
		AF8B4DD51CC55C1D00331F4B /* FBSDKCoreKit.framework */ = {isa = PBXFileReference; lastKnownFileType = wrapper.framework; path = FBSDKCoreKit.framework; sourceTree = "<group>"; };
		AF8B4DD61CC55C1D00331F4B /* FBSDKLoginKit.framework */ = {isa = PBXFileReference; lastKnownFileType = wrapper.framework; path = FBSDKLoginKit.framework; sourceTree = "<group>"; };
		AFB21B0A1CCE95CF0036BE69 /* DataService.swift */ = {isa = PBXFileReference; fileEncoding = 4; lastKnownFileType = sourcecode.swift; path = DataService.swift; sourceTree = "<group>"; };
		AFB21B0C1CCEA26F0036BE69 /* EmailSignUpVC.swift */ = {isa = PBXFileReference; fileEncoding = 4; lastKnownFileType = sourcecode.swift; path = EmailSignUpVC.swift; sourceTree = "<group>"; };
		FBCFBBBA526583AF0A062E2E /* Pods-UniYo_App.debug.xcconfig */ = {isa = PBXFileReference; includeInIndex = 1; lastKnownFileType = text.xcconfig; name = "Pods-UniYo_App.debug.xcconfig"; path = "Pods/Target Support Files/Pods-UniYo_App/Pods-UniYo_App.debug.xcconfig"; sourceTree = "<group>"; };
/* End PBXFileReference section */

/* Begin PBXFrameworksBuildPhase section */
		AF565B0B1CB6B80A00677FB2 /* Frameworks */ = {
			isa = PBXFrameworksBuildPhase;
			buildActionMask = 2147483647;
			files = (
				AF8B4DD41CC55AEC00331F4B /* Bolts.framework in Frameworks */,
				AF8B4DD71CC55C1D00331F4B /* FBSDKCoreKit.framework in Frameworks */,
				AF8B4DD81CC55C1D00331F4B /* FBSDKLoginKit.framework in Frameworks */,
				4631E8F7DC926663206809DF /* Pods_UniYo_App.framework in Frameworks */,
			);
			runOnlyForDeploymentPostprocessing = 0;
		};
/* End PBXFrameworksBuildPhase section */

/* Begin PBXGroup section */
		4582D23AEB2B335FC5FE2DEB /* Pods */ = {
			isa = PBXGroup;
			children = (
				FBCFBBBA526583AF0A062E2E /* Pods-UniYo_App.debug.xcconfig */,
				5A394C681D4C7E0F5DC96CDB /* Pods-UniYo_App.release.xcconfig */,
			);
			name = Pods;
			sourceTree = "<group>";
		};
		606649F8E8A765FCE9C2FE28 /* Frameworks */ = {
			isa = PBXGroup;
			children = (
				293B0B194D53AED5DE689F83 /* Pods_UniYo_App.framework */,
			);
			name = Frameworks;
			sourceTree = "<group>";
		};
		AF565B051CB6B80A00677FB2 = {
			isa = PBXGroup;
			children = (
				AF565B101CB6B80A00677FB2 /* UniYo_App */,
				AF565B0F1CB6B80A00677FB2 /* Products */,
				4582D23AEB2B335FC5FE2DEB /* Pods */,
				606649F8E8A765FCE9C2FE28 /* Frameworks */,
			);
			sourceTree = "<group>";
		};
		AF565B0F1CB6B80A00677FB2 /* Products */ = {
			isa = PBXGroup;
			children = (
				AF565B0E1CB6B80A00677FB2 /* UniYo_App.app */,
			);
			name = Products;
			sourceTree = "<group>";
		};
		AF565B101CB6B80A00677FB2 /* UniYo_App */ = {
			isa = PBXGroup;
			children = (
				AFB21B091CCE95AC0036BE69 /* Services */,
				AF8B4DD21CC55A9500331F4B /* Frameworks */,
				AF565B291CB7B37C00677FB2 /* Util */,
				AF565B261CB6B82500677FB2 /* Ressources */,
				AF565B251CB6B81C00677FB2 /* Controller */,
				AF565B241CB6B81700677FB2 /* View */,
				AF565B231CB6B81200677FB2 /* Model */,
				AF565B111CB6B80A00677FB2 /* AppDelegate.swift */,
				AF565B151CB6B80A00677FB2 /* Main.storyboard */,
				AF565B181CB6B80A00677FB2 /* Assets.xcassets */,
				AF565B1A1CB6B80A00677FB2 /* LaunchScreen.storyboard */,
				AF565B1D1CB6B80A00677FB2 /* Info.plist */,
			);
			path = UniYo_App;
			sourceTree = "<group>";
		};
		AF565B231CB6B81200677FB2 /* Model */ = {
			isa = PBXGroup;
			children = (
			);
			name = Model;
			sourceTree = "<group>";
		};
		AF565B241CB6B81700677FB2 /* View */ = {
			isa = PBXGroup;
			children = (
				AF565B271CB7ADC400677FB2 /* MaterialView.swift */,
			);
			name = View;
			sourceTree = "<group>";
		};
		AF565B251CB6B81C00677FB2 /* Controller */ = {
			isa = PBXGroup;
			children = (
				AF565B131CB6B80A00677FB2 /* ViewController.swift */,
				AFB21B0C1CCEA26F0036BE69 /* EmailSignUpVC.swift */,
			);
			name = Controller;
			sourceTree = "<group>";
		};
		AF565B261CB6B82500677FB2 /* Ressources */ = {
			isa = PBXGroup;
			children = (
			);
			name = Ressources;
			sourceTree = "<group>";
		};
		AF565B291CB7B37C00677FB2 /* Util */ = {
			isa = PBXGroup;
			children = (
				AF565B2A1CB7B39700677FB2 /* Constants.swift */,
			);
			name = Util;
			sourceTree = "<group>";
		};
		AF8B4DD21CC55A9500331F4B /* Frameworks */ = {
			isa = PBXGroup;
			children = (
				AF8B4DD51CC55C1D00331F4B /* FBSDKCoreKit.framework */,
				AF8B4DD61CC55C1D00331F4B /* FBSDKLoginKit.framework */,
				AF8B4DD31CC55AEC00331F4B /* Bolts.framework */,
			);
			name = Frameworks;
			sourceTree = "<group>";
		};
		AFB21B091CCE95AC0036BE69 /* Services */ = {
			isa = PBXGroup;
			children = (
				AFB21B0A1CCE95CF0036BE69 /* DataService.swift */,
			);
			name = Services;
			sourceTree = "<group>";
		};
/* End PBXGroup section */

/* Begin PBXNativeTarget section */
		AF565B0D1CB6B80A00677FB2 /* UniYo_App */ = {
			isa = PBXNativeTarget;
			buildConfigurationList = AF565B201CB6B80A00677FB2 /* Build configuration list for PBXNativeTarget "UniYo_App" */;
			buildPhases = (
				BDB46819361E598438C40534 /* Check Pods Manifest.lock */,
				AF565B0A1CB6B80A00677FB2 /* Sources */,
				AF565B0B1CB6B80A00677FB2 /* Frameworks */,
				AF565B0C1CB6B80A00677FB2 /* Resources */,
				E93527AAFAFDE78A8B214A25 /* Embed Pods Frameworks */,
				DF1EEAE8CDCB46C4D281831C /* Copy Pods Resources */,
			);
			buildRules = (
			);
			dependencies = (
			);
			name = UniYo_App;
			productName = UniYo_App;
			productReference = AF565B0E1CB6B80A00677FB2 /* UniYo_App.app */;
			productType = "com.apple.product-type.application";
		};
/* End PBXNativeTarget section */

/* Begin PBXProject section */
		AF565B061CB6B80A00677FB2 /* Project object */ = {
			isa = PBXProject;
			attributes = {
				LastSwiftUpdateCheck = 0730;
				LastUpgradeCheck = 0730;
				ORGANIZATIONNAME = "Emmanuel Darmon";
				TargetAttributes = {
					AF565B0D1CB6B80A00677FB2 = {
						CreatedOnToolsVersion = 7.3;
					};
				};
			};
			buildConfigurationList = AF565B091CB6B80A00677FB2 /* Build configuration list for PBXProject "UniYo_App" */;
			compatibilityVersion = "Xcode 3.2";
			developmentRegion = English;
			hasScannedForEncodings = 0;
			knownRegions = (
				en,
				Base,
			);
			mainGroup = AF565B051CB6B80A00677FB2;
			productRefGroup = AF565B0F1CB6B80A00677FB2 /* Products */;
			projectDirPath = "";
			projectRoot = "";
			targets = (
				AF565B0D1CB6B80A00677FB2 /* UniYo_App */,
			);
		};
/* End PBXProject section */

/* Begin PBXResourcesBuildPhase section */
		AF565B0C1CB6B80A00677FB2 /* Resources */ = {
			isa = PBXResourcesBuildPhase;
			buildActionMask = 2147483647;
			files = (
				AF565B1C1CB6B80A00677FB2 /* LaunchScreen.storyboard in Resources */,
				AF565B191CB6B80A00677FB2 /* Assets.xcassets in Resources */,
				AF565B171CB6B80A00677FB2 /* Main.storyboard in Resources */,
			);
			runOnlyForDeploymentPostprocessing = 0;
		};
/* End PBXResourcesBuildPhase section */

/* Begin PBXShellScriptBuildPhase section */
		BDB46819361E598438C40534 /* Check Pods Manifest.lock */ = {
			isa = PBXShellScriptBuildPhase;
			buildActionMask = 2147483647;
			files = (
			);
			inputPaths = (
			);
			name = "Check Pods Manifest.lock";
			outputPaths = (
			);
			runOnlyForDeploymentPostprocessing = 0;
			shellPath = /bin/sh;
			shellScript = "diff \"${PODS_ROOT}/../Podfile.lock\" \"${PODS_ROOT}/Manifest.lock\" > /dev/null\nif [[ $? != 0 ]] ; then\n    cat << EOM\nerror: The sandbox is not in sync with the Podfile.lock. Run 'pod install' or update your CocoaPods installation.\nEOM\n    exit 1\nfi\n";
			showEnvVarsInLog = 0;
		};
		DF1EEAE8CDCB46C4D281831C /* Copy Pods Resources */ = {
			isa = PBXShellScriptBuildPhase;
			buildActionMask = 2147483647;
			files = (
			);
			inputPaths = (
			);
			name = "Copy Pods Resources";
			outputPaths = (
			);
			runOnlyForDeploymentPostprocessing = 0;
			shellPath = /bin/sh;
			shellScript = "\"${SRCROOT}/Pods/Target Support Files/Pods-UniYo_App/Pods-UniYo_App-resources.sh\"\n";
			showEnvVarsInLog = 0;
		};
		E93527AAFAFDE78A8B214A25 /* Embed Pods Frameworks */ = {
			isa = PBXShellScriptBuildPhase;
			buildActionMask = 2147483647;
			files = (
			);
			inputPaths = (
			);
			name = "Embed Pods Frameworks";
			outputPaths = (
			);
			runOnlyForDeploymentPostprocessing = 0;
			shellPath = /bin/sh;
			shellScript = "\"${SRCROOT}/Pods/Target Support Files/Pods-UniYo_App/Pods-UniYo_App-frameworks.sh\"\n";
			showEnvVarsInLog = 0;
		};
/* End PBXShellScriptBuildPhase section */

/* Begin PBXSourcesBuildPhase section */
		AF565B0A1CB6B80A00677FB2 /* Sources */ = {
			isa = PBXSourcesBuildPhase;
			buildActionMask = 2147483647;
			files = (
				AF565B281CB7ADC400677FB2 /* MaterialView.swift in Sources */,
				AF565B141CB6B80A00677FB2 /* ViewController.swift in Sources */,
				AF565B121CB6B80A00677FB2 /* AppDelegate.swift in Sources */,
				AF565B2B1CB7B39700677FB2 /* Constants.swift in Sources */,
				AFB21B0B1CCE95CF0036BE69 /* DataService.swift in Sources */,
				AFB21B0D1CCEA26F0036BE69 /* EmailSignUpVC.swift in Sources */,
			);
			runOnlyForDeploymentPostprocessing = 0;
		};
/* End PBXSourcesBuildPhase section */

/* Begin PBXVariantGroup section */
		AF565B151CB6B80A00677FB2 /* Main.storyboard */ = {
			isa = PBXVariantGroup;
			children = (
				AF565B161CB6B80A00677FB2 /* Base */,
			);
			name = Main.storyboard;
			sourceTree = "<group>";
		};
		AF565B1A1CB6B80A00677FB2 /* LaunchScreen.storyboard */ = {
			isa = PBXVariantGroup;
			children = (
				AF565B1B1CB6B80A00677FB2 /* Base */,
			);
			name = LaunchScreen.storyboard;
			sourceTree = "<group>";
		};
/* End PBXVariantGroup section */

/* Begin XCBuildConfiguration section */
		AF565B1E1CB6B80A00677FB2 /* Debug */ = {
			isa = XCBuildConfiguration;
			buildSettings = {
				ALWAYS_SEARCH_USER_PATHS = NO;
				CLANG_ANALYZER_NONNULL = YES;
				CLANG_CXX_LANGUAGE_STANDARD = "gnu++0x";
				CLANG_CXX_LIBRARY = "libc++";
				CLANG_ENABLE_MODULES = YES;
				CLANG_ENABLE_OBJC_ARC = YES;
				CLANG_WARN_BOOL_CONVERSION = YES;
				CLANG_WARN_CONSTANT_CONVERSION = YES;
				CLANG_WARN_DIRECT_OBJC_ISA_USAGE = YES_ERROR;
				CLANG_WARN_EMPTY_BODY = YES;
				CLANG_WARN_ENUM_CONVERSION = YES;
				CLANG_WARN_INT_CONVERSION = YES;
				CLANG_WARN_OBJC_ROOT_CLASS = YES_ERROR;
				CLANG_WARN_UNREACHABLE_CODE = YES;
				CLANG_WARN__DUPLICATE_METHOD_MATCH = YES;
				"CODE_SIGN_IDENTITY[sdk=iphoneos*]" = "iPhone Developer";
				COPY_PHASE_STRIP = NO;
				DEBUG_INFORMATION_FORMAT = dwarf;
				ENABLE_STRICT_OBJC_MSGSEND = YES;
				ENABLE_TESTABILITY = YES;
				GCC_C_LANGUAGE_STANDARD = gnu99;
				GCC_DYNAMIC_NO_PIC = NO;
				GCC_NO_COMMON_BLOCKS = YES;
				GCC_OPTIMIZATION_LEVEL = 0;
				GCC_PREPROCESSOR_DEFINITIONS = (
					"DEBUG=1",
					"$(inherited)",
				);
				GCC_WARN_64_TO_32_BIT_CONVERSION = YES;
				GCC_WARN_ABOUT_RETURN_TYPE = YES_ERROR;
				GCC_WARN_UNDECLARED_SELECTOR = YES;
				GCC_WARN_UNINITIALIZED_AUTOS = YES_AGGRESSIVE;
				GCC_WARN_UNUSED_FUNCTION = YES;
				GCC_WARN_UNUSED_VARIABLE = YES;
				IPHONEOS_DEPLOYMENT_TARGET = 9.3;
				MTL_ENABLE_DEBUG_INFO = YES;
				ONLY_ACTIVE_ARCH = YES;
				SDKROOT = iphoneos;
				SWIFT_OPTIMIZATION_LEVEL = "-Onone";
			};
			name = Debug;
		};
		AF565B1F1CB6B80A00677FB2 /* Release */ = {
			isa = XCBuildConfiguration;
			buildSettings = {
				ALWAYS_SEARCH_USER_PATHS = NO;
				CLANG_ANALYZER_NONNULL = YES;
				CLANG_CXX_LANGUAGE_STANDARD = "gnu++0x";
				CLANG_CXX_LIBRARY = "libc++";
				CLANG_ENABLE_MODULES = YES;
				CLANG_ENABLE_OBJC_ARC = YES;
				CLANG_WARN_BOOL_CONVERSION = YES;
				CLANG_WARN_CONSTANT_CONVERSION = YES;
				CLANG_WARN_DIRECT_OBJC_ISA_USAGE = YES_ERROR;
				CLANG_WARN_EMPTY_BODY = YES;
				CLANG_WARN_ENUM_CONVERSION = YES;
				CLANG_WARN_INT_CONVERSION = YES;
				CLANG_WARN_OBJC_ROOT_CLASS = YES_ERROR;
				CLANG_WARN_UNREACHABLE_CODE = YES;
				CLANG_WARN__DUPLICATE_METHOD_MATCH = YES;
				"CODE_SIGN_IDENTITY[sdk=iphoneos*]" = "iPhone Developer";
				COPY_PHASE_STRIP = NO;
				DEBUG_INFORMATION_FORMAT = "dwarf-with-dsym";
				ENABLE_NS_ASSERTIONS = NO;
				ENABLE_STRICT_OBJC_MSGSEND = YES;
				GCC_C_LANGUAGE_STANDARD = gnu99;
				GCC_NO_COMMON_BLOCKS = YES;
				GCC_WARN_64_TO_32_BIT_CONVERSION = YES;
				GCC_WARN_ABOUT_RETURN_TYPE = YES_ERROR;
				GCC_WARN_UNDECLARED_SELECTOR = YES;
				GCC_WARN_UNINITIALIZED_AUTOS = YES_AGGRESSIVE;
				GCC_WARN_UNUSED_FUNCTION = YES;
				GCC_WARN_UNUSED_VARIABLE = YES;
				IPHONEOS_DEPLOYMENT_TARGET = 9.3;
				MTL_ENABLE_DEBUG_INFO = NO;
				SDKROOT = iphoneos;
				VALIDATE_PRODUCT = YES;
			};
			name = Release;
		};
		AF565B211CB6B80A00677FB2 /* Debug */ = {
			isa = XCBuildConfiguration;
			baseConfigurationReference = FBCFBBBA526583AF0A062E2E /* Pods-UniYo_App.debug.xcconfig */;
			buildSettings = {
				ASSETCATALOG_COMPILER_APPICON_NAME = AppIcon;
				FRAMEWORK_SEARCH_PATHS = (
					"$(inherited)",
					"$(PROJECT_DIR)/UniYo_App",
				);
				INFOPLIST_FILE = UniYo_App/Info.plist;
				LD_RUNPATH_SEARCH_PATHS = "$(inherited) @executable_path/Frameworks";
				PRODUCT_BUNDLE_IDENTIFIER = "com.emmanueldarmon.UniYo-App";
				PRODUCT_NAME = "$(TARGET_NAME)";
			};
			name = Debug;
		};
		AF565B221CB6B80A00677FB2 /* Release */ = {
			isa = XCBuildConfiguration;
			baseConfigurationReference = 5A394C681D4C7E0F5DC96CDB /* Pods-UniYo_App.release.xcconfig */;
			buildSettings = {
				ASSETCATALOG_COMPILER_APPICON_NAME = AppIcon;
				FRAMEWORK_SEARCH_PATHS = (
					"$(inherited)",
					"$(PROJECT_DIR)/UniYo_App",
				);
				INFOPLIST_FILE = UniYo_App/Info.plist;
				LD_RUNPATH_SEARCH_PATHS = "$(inherited) @executable_path/Frameworks";
				PRODUCT_BUNDLE_IDENTIFIER = "com.emmanueldarmon.UniYo-App";
				PRODUCT_NAME = "$(TARGET_NAME)";
			};
			name = Release;
		};
/* End XCBuildConfiguration section */

/* Begin XCConfigurationList section */
		AF565B091CB6B80A00677FB2 /* Build configuration list for PBXProject "UniYo_App" */ = {
			isa = XCConfigurationList;
			buildConfigurations = (
				AF565B1E1CB6B80A00677FB2 /* Debug */,
				AF565B1F1CB6B80A00677FB2 /* Release */,
			);
			defaultConfigurationIsVisible = 0;
			defaultConfigurationName = Release;
		};
		AF565B201CB6B80A00677FB2 /* Build configuration list for PBXNativeTarget "UniYo_App" */ = {
			isa = XCConfigurationList;
			buildConfigurations = (
				AF565B211CB6B80A00677FB2 /* Debug */,
				AF565B221CB6B80A00677FB2 /* Release */,
			);
			defaultConfigurationIsVisible = 0;
			defaultConfigurationName = Release;
		};
/* End XCConfigurationList section */
	};
	rootObject = AF565B061CB6B80A00677FB2 /* Project object */;
}
